
Microsoft Visual Studio Solution File, Format Version 12.00
# Visual Studio 15
VisualStudioVersion = 15.0.28307.271
MinimumVisualStudioVersion = 10.0.40219.1
Project("{FAE04EC0-301F-11D3-BF4B-00C04F79EFBC}") = "HW2", "HW2\HW2.csproj", "{5E7E6C5F-C077-4380-8353-8C8775D8D119}"
EndProject
Global
	GlobalSection(SolutionConfigurationPlatforms) = preSolution
		Debug|Any CPU = Debug|Any CPU
		Release|Any CPU = Release|Any CPU
	EndGlobalSection
	GlobalSection(ProjectConfigurationPlatforms) = postSolution
		{5E7E6C5F-C077-4380-8353-8C8775D8D119}.Debug|Any CPU.ActiveCfg = Debug|Any CPU
		{5E7E6C5F-C077-4380-8353-8C8775D8D119}.Debug|Any CPU.Build.0 = Debug|Any CPU
		{5E7E6C5F-C077-4380-8353-8C8775D8D119}.Release|Any CPU.ActiveCfg = Release|Any CPU
		{5E7E6C5F-C077-4380-8353-8C8775D8D119}.Release|Any CPU.Build.0 = Release|Any CPU
	EndGlobalSection
	GlobalSection(SolutionProperties) = preSolution
		HideSolutionNode = FALSE
	EndGlobalSection
	GlobalSection(ExtensibilityGlobals) = postSolution
		SolutionGuid = {6E67C4E2-DF0E-43FE-809F-AB6337C28572}
	EndGlobalSection
EndGlobal
